
Microsoft Visual Studio Solution File, Format Version 12.00
# Visual Studio Version 16
VisualStudioVersion = 16.0.31829.152
MinimumVisualStudioVersion = 10.0.40219.1
Project("{FAE04EC0-301F-11D3-BF4B-00C04F79EFBC}") = "NetSatis.Entities", "NetSatis.Entities\NetSatis.Entities.csproj", "{3F6E8390-646C-4362-8D67-2C996C160B9B}"
EndProject
Project("{FAE04EC0-301F-11D3-BF4B-00C04F79EFBC}") = "NetSatis.BackOffice", "NetSatis.BackOffice\NetSatis.BackOffice.csproj", "{7AE5E9C3-A6CF-4F32-A2C2-51360EBBA4E2}"
EndProject
Project("{FAE04EC0-301F-11D3-BF4B-00C04F79EFBC}") = "NetSatis.FrontOffice", "NetSatis.FrontOffice\NetSatis.FrontOffice.csproj", "{98938EC7-245C-4A03-B40B-4112EB7575BF}"
EndProject
Global
	GlobalSection(SolutionConfigurationPlatforms) = preSolution
		Debug|Any CPU = Debug|Any CPU
		Release|Any CPU = Release|Any CPU
	EndGlobalSection
	GlobalSection(ProjectConfigurationPlatforms) = postSolution
		{3F6E8390-646C-4362-8D67-2C996C160B9B}.Debug|Any CPU.ActiveCfg = Debug|Any CPU
		{3F6E8390-646C-4362-8D67-2C996C160B9B}.Debug|Any CPU.Build.0 = Debug|Any CPU
		{3F6E8390-646C-4362-8D67-2C996C160B9B}.Release|Any CPU.ActiveCfg = Release|Any CPU
		{3F6E8390-646C-4362-8D67-2C996C160B9B}.Release|Any CPU.Build.0 = Release|Any CPU
		{7AE5E9C3-A6CF-4F32-A2C2-51360EBBA4E2}.Debug|Any CPU.ActiveCfg = Debug|Any CPU
		{7AE5E9C3-A6CF-4F32-A2C2-51360EBBA4E2}.Debug|Any CPU.Build.0 = Debug|Any CPU
		{7AE5E9C3-A6CF-4F32-A2C2-51360EBBA4E2}.Release|Any CPU.ActiveCfg = Release|Any CPU
		{7AE5E9C3-A6CF-4F32-A2C2-51360EBBA4E2}.Release|Any CPU.Build.0 = Release|Any CPU
		{98938EC7-245C-4A03-B40B-4112EB7575BF}.Debug|Any CPU.ActiveCfg = Debug|Any CPU
		{98938EC7-245C-4A03-B40B-4112EB7575BF}.Debug|Any CPU.Build.0 = Debug|Any CPU
		{98938EC7-245C-4A03-B40B-4112EB7575BF}.Release|Any CPU.ActiveCfg = Release|Any CPU
		{98938EC7-245C-4A03-B40B-4112EB7575BF}.Release|Any CPU.Build.0 = Release|Any CPU
	EndGlobalSection
	GlobalSection(SolutionProperties) = preSolution
		HideSolutionNode = FALSE
	EndGlobalSection
	GlobalSection(ExtensibilityGlobals) = postSolution
		SolutionGuid = {29C59A3B-8401-465D-A0E6-3485DEF96974}
	EndGlobalSection
EndGlobal
